
Microsoft Visual Studio Solution File, Format Version 12.00
# Visual Studio Version 16
VisualStudioVersion = 16.0.28803.452
MinimumVisualStudioVersion = 10.0.40219.1
Project("{FAE04EC0-301F-11D3-BF4B-00C04F79EFBC}") = "App1.Android", "App1\App1.Android\App1.Android.csproj", "{4268DAA3-10C4-486A-A049-F71ECABB0E3E}"
EndProject
Project("{9A19103F-16F7-4668-BE54-9A1E7A4F7556}") = "App1", "App1\App1\App1.csproj", "{FB16ADFB-4008-4A17-8B1F-97DA0BC05FC1}"
EndProject
Project("{FAE04EC0-301F-11D3-BF4B-00C04F79EFBC}") = "Api", "Api\Api.csproj", "{50E2F972-DC51-4BC9-8976-C1CCB390BACD}"
EndProject
Global
	GlobalSection(SolutionConfigurationPlatforms) = preSolution
		Debug|Any CPU = Debug|Any CPU
		Release|Any CPU = Release|Any CPU
	EndGlobalSection
	GlobalSection(ProjectConfigurationPlatforms) = postSolution
		{4268DAA3-10C4-486A-A049-F71ECABB0E3E}.Debug|Any CPU.ActiveCfg = Debug|Any CPU
		{4268DAA3-10C4-486A-A049-F71ECABB0E3E}.Debug|Any CPU.Build.0 = Debug|Any CPU
		{4268DAA3-10C4-486A-A049-F71ECABB0E3E}.Debug|Any CPU.Deploy.0 = Debug|Any CPU
		{4268DAA3-10C4-486A-A049-F71ECABB0E3E}.Release|Any CPU.ActiveCfg = Release|Any CPU
		{4268DAA3-10C4-486A-A049-F71ECABB0E3E}.Release|Any CPU.Build.0 = Release|Any CPU
		{4268DAA3-10C4-486A-A049-F71ECABB0E3E}.Release|Any CPU.Deploy.0 = Release|Any CPU
		{FB16ADFB-4008-4A17-8B1F-97DA0BC05FC1}.Debug|Any CPU.ActiveCfg = Debug|Any CPU
		{FB16ADFB-4008-4A17-8B1F-97DA0BC05FC1}.Debug|Any CPU.Build.0 = Debug|Any CPU
		{FB16ADFB-4008-4A17-8B1F-97DA0BC05FC1}.Debug|Any CPU.Deploy.0 = Debug|Any CPU
		{FB16ADFB-4008-4A17-8B1F-97DA0BC05FC1}.Release|Any CPU.ActiveCfg = Release|Any CPU
		{FB16ADFB-4008-4A17-8B1F-97DA0BC05FC1}.Release|Any CPU.Build.0 = Release|Any CPU
		{FB16ADFB-4008-4A17-8B1F-97DA0BC05FC1}.Release|Any CPU.Deploy.0 = Release|Any CPU
		{50E2F972-DC51-4BC9-8976-C1CCB390BACD}.Debug|Any CPU.ActiveCfg = Debug|Any CPU
		{50E2F972-DC51-4BC9-8976-C1CCB390BACD}.Debug|Any CPU.Build.0 = Debug|Any CPU
		{50E2F972-DC51-4BC9-8976-C1CCB390BACD}.Release|Any CPU.ActiveCfg = Release|Any CPU
		{50E2F972-DC51-4BC9-8976-C1CCB390BACD}.Release|Any CPU.Build.0 = Release|Any CPU
	EndGlobalSection
	GlobalSection(SolutionProperties) = preSolution
		HideSolutionNode = FALSE
	EndGlobalSection
	GlobalSection(ExtensibilityGlobals) = postSolution
		SolutionGuid = {534C7A7A-837F-4E6E-8ED0-9ADD7D288D96}
	EndGlobalSection
EndGlobal
